// !$*UTF8*$!
{
	archiveVersion = 1;
	classes = {
	};
	objectVersion = 50;
	objects = {

/* Begin PBXBuildFile section */
		D44591F722B0F9D500DAD5A7 /* Data.xcdatamodeld in Sources */ = {isa = PBXBuildFile; fileRef = D44591F522B0F9D500DAD5A7 /* Data.xcdatamodeld */; };
		D445921E22B13D0200DAD5A7 /* AddFidoViewController.swift in Sources */ = {isa = PBXBuildFile; fileRef = D445921D22B13D0200DAD5A7 /* AddFidoViewController.swift */; };
		D450950422B00CF2002CE6A2 /* AppDelegate.swift in Sources */ = {isa = PBXBuildFile; fileRef = D450950322B00CF2002CE6A2 /* AppDelegate.swift */; };
		D450950622B00CF2002CE6A2 /* ViewController.swift in Sources */ = {isa = PBXBuildFile; fileRef = D450950522B00CF2002CE6A2 /* ViewController.swift */; };
		D450950922B00CF2002CE6A2 /* Main.storyboard in Resources */ = {isa = PBXBuildFile; fileRef = D450950722B00CF2002CE6A2 /* Main.storyboard */; };
		D450950B22B00CF4002CE6A2 /* Assets.xcassets in Resources */ = {isa = PBXBuildFile; fileRef = D450950A22B00CF4002CE6A2 /* Assets.xcassets */; };
		D450950E22B00CF4002CE6A2 /* LaunchScreen.storyboard in Resources */ = {isa = PBXBuildFile; fileRef = D450950C22B00CF4002CE6A2 /* LaunchScreen.storyboard */; };
		D4CF359F22B3882B00D37FF7 /* FileViewController.swift in Sources */ = {isa = PBXBuildFile; fileRef = D4CF359E22B3882B00D37FF7 /* FileViewController.swift */; };
		D4E559A922B14B8D006BC7D6 /* BluetoothManager.swift in Sources */ = {isa = PBXBuildFile; fileRef = D4E559A722B14B8D006BC7D6 /* BluetoothManager.swift */; };
		D4E559AA22B14B8D006BC7D6 /* DeviceManager.swift in Sources */ = {isa = PBXBuildFile; fileRef = D4E559A822B14B8D006BC7D6 /* DeviceManager.swift */; };
		D4E559AF22B14BAE006BC7D6 /* RegisterAPDU.swift in Sources */ = {isa = PBXBuildFile; fileRef = D4E559AC22B14BAE006BC7D6 /* RegisterAPDU.swift */; };
		D4E559B022B14BAE006BC7D6 /* AuthenticateAPDU.swift in Sources */ = {isa = PBXBuildFile; fileRef = D4E559AD22B14BAE006BC7D6 /* AuthenticateAPDU.swift */; };
		D4E559B122B14BAE006BC7D6 /* APDUType.swift in Sources */ = {isa = PBXBuildFile; fileRef = D4E559AE22B14BAE006BC7D6 /* APDUType.swift */; };
		D4E559BD22B14C00006BC7D6 /* CryptoHelper.swift in Sources */ = {isa = PBXBuildFile; fileRef = D4E559B322B14C00006BC7D6 /* CryptoHelper.swift */; };
		D4E559BE22B14C00006BC7D6 /* EndianConvertible.swift in Sources */ = {isa = PBXBuildFile; fileRef = D4E559B422B14C00006BC7D6 /* EndianConvertible.swift */; };
		D4E559BF22B14C00006BC7D6 /* DataWriter.swift in Sources */ = {isa = PBXBuildFile; fileRef = D4E559B522B14C00006BC7D6 /* DataWriter.swift */; };
		D4E559C022B14C00006BC7D6 /* CBManagerState+Additions.swift in Sources */ = {isa = PBXBuildFile; fileRef = D4E559B822B14C00006BC7D6 /* CBManagerState+Additions.swift */; };
		D4E559C122B14C00006BC7D6 /* DataReader.swift in Sources */ = {isa = PBXBuildFile; fileRef = D4E559BA22B14C00006BC7D6 /* DataReader.swift */; };
		D4E559C222B14C00006BC7D6 /* TransportHelper.swift in Sources */ = {isa = PBXBuildFile; fileRef = D4E559BB22B14C00006BC7D6 /* TransportHelper.swift */; };
		D4E559C322B14C00006BC7D6 /* Keychain.m in Sources */ = {isa = PBXBuildFile; fileRef = D4E559BC22B14C00006BC7D6 /* Keychain.m */; };
		D4E55A3622B15027006BC7D6 /* GMEllipticCurveCrypto+hash.m in Sources */ = {isa = PBXBuildFile; fileRef = D4E55A3422B15027006BC7D6 /* GMEllipticCurveCrypto+hash.m */; };
		D4E55A3722B15027006BC7D6 /* GMEllipticCurveCrypto.m in Sources */ = {isa = PBXBuildFile; fileRef = D4E55A3522B15027006BC7D6 /* GMEllipticCurveCrypto.m */; };
/* End PBXBuildFile section */

/* Begin PBXFileReference section */
		D44591F622B0F9D500DAD5A7 /* User.xcdatamodel */ = {isa = PBXFileReference; lastKnownFileType = wrapper.xcdatamodel; path = User.xcdatamodel; sourceTree = "<group>"; };
		D445921D22B13D0200DAD5A7 /* AddFidoViewController.swift */ = {isa = PBXFileReference; lastKnownFileType = sourcecode.swift; path = AddFidoViewController.swift; sourceTree = "<group>"; };
		D450950022B00CF2002CE6A2 /* fido-eurosmart.app */ = {isa = PBXFileReference; explicitFileType = wrapper.application; includeInIndex = 0; path = "fido-eurosmart.app"; sourceTree = BUILT_PRODUCTS_DIR; };
		D450950322B00CF2002CE6A2 /* AppDelegate.swift */ = {isa = PBXFileReference; lastKnownFileType = sourcecode.swift; path = AppDelegate.swift; sourceTree = "<group>"; };
		D450950522B00CF2002CE6A2 /* ViewController.swift */ = {isa = PBXFileReference; lastKnownFileType = sourcecode.swift; path = ViewController.swift; sourceTree = "<group>"; };
		D450950822B00CF2002CE6A2 /* Base */ = {isa = PBXFileReference; lastKnownFileType = file.storyboard; name = Base; path = Base.lproj/Main.storyboard; sourceTree = "<group>"; };
		D450950A22B00CF4002CE6A2 /* Assets.xcassets */ = {isa = PBXFileReference; lastKnownFileType = folder.assetcatalog; path = Assets.xcassets; sourceTree = "<group>"; };
		D450950D22B00CF4002CE6A2 /* Base */ = {isa = PBXFileReference; lastKnownFileType = file.storyboard; name = Base; path = Base.lproj/LaunchScreen.storyboard; sourceTree = "<group>"; };
		D450950F22B00CF4002CE6A2 /* Info.plist */ = {isa = PBXFileReference; lastKnownFileType = text.plist.xml; path = Info.plist; sourceTree = "<group>"; };
		D4CF359E22B3882B00D37FF7 /* FileViewController.swift */ = {isa = PBXFileReference; lastKnownFileType = sourcecode.swift; path = FileViewController.swift; sourceTree = "<group>"; };
		D4E559A722B14B8D006BC7D6 /* BluetoothManager.swift */ = {isa = PBXFileReference; fileEncoding = 4; lastKnownFileType = sourcecode.swift; path = BluetoothManager.swift; sourceTree = "<group>"; };
		D4E559A822B14B8D006BC7D6 /* DeviceManager.swift */ = {isa = PBXFileReference; fileEncoding = 4; lastKnownFileType = sourcecode.swift; path = DeviceManager.swift; sourceTree = "<group>"; };
		D4E559AC22B14BAE006BC7D6 /* RegisterAPDU.swift */ = {isa = PBXFileReference; fileEncoding = 4; lastKnownFileType = sourcecode.swift; path = RegisterAPDU.swift; sourceTree = "<group>"; };
		D4E559AD22B14BAE006BC7D6 /* AuthenticateAPDU.swift */ = {isa = PBXFileReference; fileEncoding = 4; lastKnownFileType = sourcecode.swift; path = AuthenticateAPDU.swift; sourceTree = "<group>"; };
		D4E559AE22B14BAE006BC7D6 /* APDUType.swift */ = {isa = PBXFileReference; fileEncoding = 4; lastKnownFileType = sourcecode.swift; path = APDUType.swift; sourceTree = "<group>"; };
		D4E559B322B14C00006BC7D6 /* CryptoHelper.swift */ = {isa = PBXFileReference; fileEncoding = 4; lastKnownFileType = sourcecode.swift; path = CryptoHelper.swift; sourceTree = "<group>"; };
		D4E559B422B14C00006BC7D6 /* EndianConvertible.swift */ = {isa = PBXFileReference; fileEncoding = 4; lastKnownFileType = sourcecode.swift; path = EndianConvertible.swift; sourceTree = "<group>"; };
		D4E559B522B14C00006BC7D6 /* DataWriter.swift */ = {isa = PBXFileReference; fileEncoding = 4; lastKnownFileType = sourcecode.swift; path = DataWriter.swift; sourceTree = "<group>"; };
		D4E559B722B14C00006BC7D6 /* Keychain.h */ = {isa = PBXFileReference; fileEncoding = 4; lastKnownFileType = sourcecode.c.h; path = Keychain.h; sourceTree = "<group>"; };
		D4E559B822B14C00006BC7D6 /* CBManagerState+Additions.swift */ = {isa = PBXFileReference; fileEncoding = 4; lastKnownFileType = sourcecode.swift; path = "CBManagerState+Additions.swift"; sourceTree = "<group>"; };
		D4E559BA22B14C00006BC7D6 /* DataReader.swift */ = {isa = PBXFileReference; fileEncoding = 4; lastKnownFileType = sourcecode.swift; path = DataReader.swift; sourceTree = "<group>"; };
		D4E559BB22B14C00006BC7D6 /* TransportHelper.swift */ = {isa = PBXFileReference; fileEncoding = 4; lastKnownFileType = sourcecode.swift; path = TransportHelper.swift; sourceTree = "<group>"; };
		D4E559BC22B14C00006BC7D6 /* Keychain.m */ = {isa = PBXFileReference; fileEncoding = 4; lastKnownFileType = sourcecode.c.objc; path = Keychain.m; sourceTree = "<group>"; };
		D4E55A3022B14E0E006BC7D6 /* GMEllipticCurveCrypto.h */ = {isa = PBXFileReference; fileEncoding = 4; lastKnownFileType = sourcecode.c.h; path = GMEllipticCurveCrypto.h; sourceTree = "<group>"; };
		D4E55A3122B14E0E006BC7D6 /* GMEllipticCurveCrypto+hash.h */ = {isa = PBXFileReference; fileEncoding = 4; lastKnownFileType = sourcecode.c.h; path = "GMEllipticCurveCrypto+hash.h"; sourceTree = "<group>"; };
		D4E55A3422B15027006BC7D6 /* GMEllipticCurveCrypto+hash.m */ = {isa = PBXFileReference; fileEncoding = 4; lastKnownFileType = sourcecode.c.objc; path = "GMEllipticCurveCrypto+hash.m"; sourceTree = "<group>"; };
		D4E55A3522B15027006BC7D6 /* GMEllipticCurveCrypto.m */ = {isa = PBXFileReference; fileEncoding = 4; lastKnownFileType = sourcecode.c.objc; path = GMEllipticCurveCrypto.m; sourceTree = "<group>"; };
		D4E55A3822B15116006BC7D6 /* fido-eurosmart-Bridging-Header.h */ = {isa = PBXFileReference; lastKnownFileType = sourcecode.c.h; path = "fido-eurosmart-Bridging-Header.h"; sourceTree = "<group>"; };
/* End PBXFileReference section */

/* Begin PBXFrameworksBuildPhase section */
		D45094FD22B00CF2002CE6A2 /* Frameworks */ = {
			isa = PBXFrameworksBuildPhase;
			buildActionMask = 2147483647;
			files = (
			);
			runOnlyForDeploymentPostprocessing = 0;
		};
/* End PBXFrameworksBuildPhase section */

/* Begin PBXGroup section */
		D45094F722B00CF2002CE6A2 = {
			isa = PBXGroup;
			children = (
				D450950222B00CF2002CE6A2 /* fido-eurosmart */,
				D450950122B00CF2002CE6A2 /* Products */,
			);
			sourceTree = "<group>";
		};
		D450950122B00CF2002CE6A2 /* Products */ = {
			isa = PBXGroup;
			children = (
				D450950022B00CF2002CE6A2 /* fido-eurosmart.app */,
			);
			name = Products;
			sourceTree = "<group>";
		};
		D450950222B00CF2002CE6A2 /* fido-eurosmart */ = {
			isa = PBXGroup;
			children = (
				D450950322B00CF2002CE6A2 /* AppDelegate.swift */,
				D450950522B00CF2002CE6A2 /* ViewController.swift */,
				D445921D22B13D0200DAD5A7 /* AddFidoViewController.swift */,
				D4CF359E22B3882B00D37FF7 /* FileViewController.swift */,
				D4E559A622B14B8D006BC7D6 /* Managers */,
				D4E559AB22B14BAE006BC7D6 /* APDUs */,
				D4E559B222B14C00006BC7D6 /* Utils */,
				D4E55A2E22B14E0E006BC7D6 /* Vendor */,
				D4A7005222BD2E77004FFF93 /* Network */,
				D450950722B00CF2002CE6A2 /* Main.storyboard */,
				D450950A22B00CF4002CE6A2 /* Assets.xcassets */,
				D450950C22B00CF4002CE6A2 /* LaunchScreen.storyboard */,
				D4E55A3822B15116006BC7D6 /* fido-eurosmart-Bridging-Header.h */,
				D450950F22B00CF4002CE6A2 /* Info.plist */,
				D44591F522B0F9D500DAD5A7 /* Data.xcdatamodeld */,
			);
			path = "fido-eurosmart";
			sourceTree = "<group>";
		};
		D4A7005222BD2E77004FFF93 /* Network */ = {
			isa = PBXGroup;
			children = (
			);
			path = Network;
			sourceTree = "<group>";
		};
		D4E559A622B14B8D006BC7D6 /* Managers */ = {
			isa = PBXGroup;
			children = (
				D4E559A722B14B8D006BC7D6 /* BluetoothManager.swift */,
				D4E559A822B14B8D006BC7D6 /* DeviceManager.swift */,
			);
			path = Managers;
			sourceTree = "<group>";
		};
		D4E559AB22B14BAE006BC7D6 /* APDUs */ = {
			isa = PBXGroup;
			children = (
				D4E559AC22B14BAE006BC7D6 /* RegisterAPDU.swift */,
				D4E559AD22B14BAE006BC7D6 /* AuthenticateAPDU.swift */,
				D4E559AE22B14BAE006BC7D6 /* APDUType.swift */,
			);
			path = APDUs;
			sourceTree = "<group>";
		};
		D4E559B222B14C00006BC7D6 /* Utils */ = {
			isa = PBXGroup;
			children = (
				D4E559B322B14C00006BC7D6 /* CryptoHelper.swift */,
				D4E559B422B14C00006BC7D6 /* EndianConvertible.swift */,
				D4E559B522B14C00006BC7D6 /* DataWriter.swift */,
				D4E559B722B14C00006BC7D6 /* Keychain.h */,
				D4E559B822B14C00006BC7D6 /* CBManagerState+Additions.swift */,
				D4E559BA22B14C00006BC7D6 /* DataReader.swift */,
				D4E559BB22B14C00006BC7D6 /* TransportHelper.swift */,
				D4E559BC22B14C00006BC7D6 /* Keychain.m */,
			);
			path = Utils;
			sourceTree = "<group>";
		};
		D4E55A2E22B14E0E006BC7D6 /* Vendor */ = {
			isa = PBXGroup;
			children = (
				D4E55A2F22B14E0E006BC7D6 /* GMEllipticCurveCrypto */,
			);
			path = Vendor;
			sourceTree = "<group>";
		};
		D4E55A2F22B14E0E006BC7D6 /* GMEllipticCurveCrypto */ = {
			isa = PBXGroup;
			children = (
				D4E55A3522B15027006BC7D6 /* GMEllipticCurveCrypto.m */,
				D4E55A3422B15027006BC7D6 /* GMEllipticCurveCrypto+hash.m */,
				D4E55A3022B14E0E006BC7D6 /* GMEllipticCurveCrypto.h */,
				D4E55A3122B14E0E006BC7D6 /* GMEllipticCurveCrypto+hash.h */,
			);
			path = GMEllipticCurveCrypto;
			sourceTree = "<group>";
		};
/* End PBXGroup section */

/* Begin PBXNativeTarget section */
		D45094FF22B00CF2002CE6A2 /* fido-eurosmart */ = {
			isa = PBXNativeTarget;
			buildConfigurationList = D450951222B00CF4002CE6A2 /* Build configuration list for PBXNativeTarget "fido-eurosmart" */;
			buildPhases = (
				D45094FC22B00CF2002CE6A2 /* Sources */,
				D45094FD22B00CF2002CE6A2 /* Frameworks */,
				D45094FE22B00CF2002CE6A2 /* Resources */,
			);
			buildRules = (
			);
			dependencies = (
			);
			name = "fido-eurosmart";
			productName = "fido-eurosmart";
			productReference = D450950022B00CF2002CE6A2 /* fido-eurosmart.app */;
			productType = "com.apple.product-type.application";
		};
/* End PBXNativeTarget section */

/* Begin PBXProject section */
		D45094F822B00CF2002CE6A2 /* Project object */ = {
			isa = PBXProject;
			attributes = {
				KnownAssetTags = (
					submit_button,
				);
				LastSwiftUpdateCheck = 1020;
				LastUpgradeCheck = 1020;
				ORGANIZATIONNAME = Eurosmart;
				TargetAttributes = {
					D45094FF22B00CF2002CE6A2 = {
						CreatedOnToolsVersion = 10.2.1;
					};
				};
			};
			buildConfigurationList = D45094FB22B00CF2002CE6A2 /* Build configuration list for PBXProject "fido-eurosmart" */;
			compatibilityVersion = "Xcode 9.3";
			developmentRegion = en;
			hasScannedForEncodings = 0;
			knownRegions = (
				en,
				Base,
			);
			mainGroup = D45094F722B00CF2002CE6A2;
			productRefGroup = D450950122B00CF2002CE6A2 /* Products */;
			projectDirPath = "";
			projectRoot = "";
			targets = (
				D45094FF22B00CF2002CE6A2 /* fido-eurosmart */,
			);
		};
/* End PBXProject section */

/* Begin PBXResourcesBuildPhase section */
		D45094FE22B00CF2002CE6A2 /* Resources */ = {
			isa = PBXResourcesBuildPhase;
			buildActionMask = 2147483647;
			files = (
				D450950E22B00CF4002CE6A2 /* LaunchScreen.storyboard in Resources */,
				D450950B22B00CF4002CE6A2 /* Assets.xcassets in Resources */,
				D450950922B00CF2002CE6A2 /* Main.storyboard in Resources */,
			);
			runOnlyForDeploymentPostprocessing = 0;
		};
/* End PBXResourcesBuildPhase section */

/* Begin PBXSourcesBuildPhase section */
		D45094FC22B00CF2002CE6A2 /* Sources */ = {
			isa = PBXSourcesBuildPhase;
			buildActionMask = 2147483647;
			files = (
				D450950622B00CF2002CE6A2 /* ViewController.swift in Sources */,
				D4E55A3622B15027006BC7D6 /* GMEllipticCurveCrypto+hash.m in Sources */,
				D4E559B122B14BAE006BC7D6 /* APDUType.swift in Sources */,
				D4E559BD22B14C00006BC7D6 /* CryptoHelper.swift in Sources */,
				D4E559C322B14C00006BC7D6 /* Keychain.m in Sources */,
				D4E559AA22B14B8D006BC7D6 /* DeviceManager.swift in Sources */,
				D4CF359F22B3882B00D37FF7 /* FileViewController.swift in Sources */,
				D4E559B022B14BAE006BC7D6 /* AuthenticateAPDU.swift in Sources */,
				D450950422B00CF2002CE6A2 /* AppDelegate.swift in Sources */,
				D445921E22B13D0200DAD5A7 /* AddFidoViewController.swift in Sources */,
				D4E559A922B14B8D006BC7D6 /* BluetoothManager.swift in Sources */,
				D4E55A3722B15027006BC7D6 /* GMEllipticCurveCrypto.m in Sources */,
				D4E559C122B14C00006BC7D6 /* DataReader.swift in Sources */,
				D4E559BF22B14C00006BC7D6 /* DataWriter.swift in Sources */,
				D4E559AF22B14BAE006BC7D6 /* RegisterAPDU.swift in Sources */,
				D4E559C222B14C00006BC7D6 /* TransportHelper.swift in Sources */,
				D44591F722B0F9D500DAD5A7 /* Data.xcdatamodeld in Sources */,
				D4E559BE22B14C00006BC7D6 /* EndianConvertible.swift in Sources */,
				D4E559C022B14C00006BC7D6 /* CBManagerState+Additions.swift in Sources */,
			);
			runOnlyForDeploymentPostprocessing = 0;
		};
/* End PBXSourcesBuildPhase section */

/* Begin PBXVariantGroup section */
		D450950722B00CF2002CE6A2 /* Main.storyboard */ = {
			isa = PBXVariantGroup;
			children = (
				D450950822B00CF2002CE6A2 /* Base */,
			);
			name = Main.storyboard;
			sourceTree = "<group>";
		};
		D450950C22B00CF4002CE6A2 /* LaunchScreen.storyboard */ = {
			isa = PBXVariantGroup;
			children = (
				D450950D22B00CF4002CE6A2 /* Base */,
			);
			name = LaunchScreen.storyboard;
			sourceTree = "<group>";
		};
/* End PBXVariantGroup section */

/* Begin XCBuildConfiguration section */
		D450951022B00CF4002CE6A2 /* Debug */ = {
			isa = XCBuildConfiguration;
			buildSettings = {
				ALWAYS_SEARCH_USER_PATHS = NO;
				CLANG_ANALYZER_NONNULL = YES;
				CLANG_ANALYZER_NUMBER_OBJECT_CONVERSION = YES_AGGRESSIVE;
				CLANG_CXX_LANGUAGE_STANDARD = "gnu++14";
				CLANG_CXX_LIBRARY = "libc++";
				CLANG_ENABLE_MODULES = YES;
				CLANG_ENABLE_OBJC_ARC = YES;
				CLANG_ENABLE_OBJC_WEAK = YES;
				CLANG_WARN_BLOCK_CAPTURE_AUTORELEASING = YES;
				CLANG_WARN_BOOL_CONVERSION = YES;
				CLANG_WARN_COMMA = YES;
				CLANG_WARN_CONSTANT_CONVERSION = YES;
				CLANG_WARN_DEPRECATED_OBJC_IMPLEMENTATIONS = YES;
				CLANG_WARN_DIRECT_OBJC_ISA_USAGE = YES_ERROR;
				CLANG_WARN_DOCUMENTATION_COMMENTS = YES;
				CLANG_WARN_EMPTY_BODY = YES;
				CLANG_WARN_ENUM_CONVERSION = YES;
				CLANG_WARN_INFINITE_RECURSION = YES;
				CLANG_WARN_INT_CONVERSION = YES;
				CLANG_WARN_NON_LITERAL_NULL_CONVERSION = YES;
				CLANG_WARN_OBJC_IMPLICIT_RETAIN_SELF = YES;
				CLANG_WARN_OBJC_LITERAL_CONVERSION = YES;
				CLANG_WARN_OBJC_ROOT_CLASS = YES_ERROR;
				CLANG_WARN_RANGE_LOOP_ANALYSIS = YES;
				CLANG_WARN_STRICT_PROTOTYPES = YES;
				CLANG_WARN_SUSPICIOUS_MOVE = YES;
				CLANG_WARN_UNGUARDED_AVAILABILITY = YES_AGGRESSIVE;
				CLANG_WARN_UNREACHABLE_CODE = YES;
				CLANG_WARN__DUPLICATE_METHOD_MATCH = YES;
				CODE_SIGN_IDENTITY = "iPhone Developer";
				COPY_PHASE_STRIP = NO;
				DEBUG_INFORMATION_FORMAT = dwarf;
				ENABLE_STRICT_OBJC_MSGSEND = YES;
				ENABLE_TESTABILITY = YES;
				GCC_C_LANGUAGE_STANDARD = gnu11;
				GCC_DYNAMIC_NO_PIC = NO;
				GCC_NO_COMMON_BLOCKS = YES;
				GCC_OPTIMIZATION_LEVEL = 0;
				GCC_PREPROCESSOR_DEFINITIONS = (
					"DEBUG=1",
					"$(inherited)",
				);
				GCC_WARN_64_TO_32_BIT_CONVERSION = YES;
				GCC_WARN_ABOUT_RETURN_TYPE = YES_ERROR;
				GCC_WARN_UNDECLARED_SELECTOR = YES;
				GCC_WARN_UNINITIALIZED_AUTOS = YES_AGGRESSIVE;
				GCC_WARN_UNUSED_FUNCTION = YES;
				GCC_WARN_UNUSED_VARIABLE = YES;
				IPHONEOS_DEPLOYMENT_TARGET = 10.0;
				MTL_ENABLE_DEBUG_INFO = INCLUDE_SOURCE;
				MTL_FAST_MATH = YES;
				ONLY_ACTIVE_ARCH = YES;
				SDKROOT = iphoneos;
				SWIFT_ACTIVE_COMPILATION_CONDITIONS = DEBUG;
				SWIFT_OBJC_BRIDGING_HEADER = "fido-eurosmart/fido-eurosmart-Bridging-Header.h";
				SWIFT_OPTIMIZATION_LEVEL = "-Onone";
			};
			name = Debug;
		};
		D450951122B00CF4002CE6A2 /* Release */ = {
			isa = XCBuildConfiguration;
			buildSettings = {
				ALWAYS_SEARCH_USER_PATHS = NO;
				CLANG_ANALYZER_NONNULL = YES;
				CLANG_ANALYZER_NUMBER_OBJECT_CONVERSION = YES_AGGRESSIVE;
				CLANG_CXX_LANGUAGE_STANDARD = "gnu++14";
				CLANG_CXX_LIBRARY = "libc++";
				CLANG_ENABLE_MODULES = YES;
				CLANG_ENABLE_OBJC_ARC = YES;
				CLANG_ENABLE_OBJC_WEAK = YES;
				CLANG_WARN_BLOCK_CAPTURE_AUTORELEASING = YES;
				CLANG_WARN_BOOL_CONVERSION = YES;
				CLANG_WARN_COMMA = YES;
				CLANG_WARN_CONSTANT_CONVERSION = YES;
				CLANG_WARN_DEPRECATED_OBJC_IMPLEMENTATIONS = YES;
				CLANG_WARN_DIRECT_OBJC_ISA_USAGE = YES_ERROR;
				CLANG_WARN_DOCUMENTATION_COMMENTS = YES;
				CLANG_WARN_EMPTY_BODY = YES;
				CLANG_WARN_ENUM_CONVERSION = YES;
				CLANG_WARN_INFINITE_RECURSION = YES;
				CLANG_WARN_INT_CONVERSION = YES;
				CLANG_WARN_NON_LITERAL_NULL_CONVERSION = YES;
				CLANG_WARN_OBJC_IMPLICIT_RETAIN_SELF = YES;
				CLANG_WARN_OBJC_LITERAL_CONVERSION = YES;
				CLANG_WARN_OBJC_ROOT_CLASS = YES_ERROR;
				CLANG_WARN_RANGE_LOOP_ANALYSIS = YES;
				CLANG_WARN_STRICT_PROTOTYPES = YES;
				CLANG_WARN_SUSPICIOUS_MOVE = YES;
				CLANG_WARN_UNGUARDED_AVAILABILITY = YES_AGGRESSIVE;
				CLANG_WARN_UNREACHABLE_CODE = YES;
				CLANG_WARN__DUPLICATE_METHOD_MATCH = YES;
				CODE_SIGN_IDENTITY = "iPhone Developer";
				COPY_PHASE_STRIP = NO;
				DEBUG_INFORMATION_FORMAT = "dwarf-with-dsym";
				ENABLE_NS_ASSERTIONS = NO;
				ENABLE_STRICT_OBJC_MSGSEND = YES;
				GCC_C_LANGUAGE_STANDARD = gnu11;
				GCC_NO_COMMON_BLOCKS = YES;
				GCC_WARN_64_TO_32_BIT_CONVERSION = YES;
				GCC_WARN_ABOUT_RETURN_TYPE = YES_ERROR;
				GCC_WARN_UNDECLARED_SELECTOR = YES;
				GCC_WARN_UNINITIALIZED_AUTOS = YES_AGGRESSIVE;
				GCC_WARN_UNUSED_FUNCTION = YES;
				GCC_WARN_UNUSED_VARIABLE = YES;
				IPHONEOS_DEPLOYMENT_TARGET = 10.0;
				MTL_ENABLE_DEBUG_INFO = NO;
				MTL_FAST_MATH = YES;
				SDKROOT = iphoneos;
				SWIFT_COMPILATION_MODE = wholemodule;
				SWIFT_OBJC_BRIDGING_HEADER = "fido-eurosmart/fido-eurosmart-Bridging-Header.h";
				SWIFT_OPTIMIZATION_LEVEL = "-O";
				VALIDATE_PRODUCT = YES;
			};
			name = Release;
		};
		D450951322B00CF4002CE6A2 /* Debug */ = {
			isa = XCBuildConfiguration;
			buildSettings = {
				ASSETCATALOG_COMPILER_APPICON_NAME = AppIcon;
				CODE_SIGN_STYLE = Automatic;
				DEVELOPMENT_TEAM = 9W3QGD4RMG;
				INFOPLIST_FILE = "fido-eurosmart/Info.plist";
				IPHONEOS_DEPLOYMENT_TARGET = 10.0;
				LD_RUNPATH_SEARCH_PATHS = (
					"$(inherited)",
					"@executable_path/Frameworks",
				);
				PRODUCT_BUNDLE_IDENTIFIER = "eu.eurosmart.fido-eurosmart";
				PRODUCT_NAME = "$(TARGET_NAME)";
				SWIFT_VERSION = 5.0;
				TARGETED_DEVICE_FAMILY = "1,2";
			};
			name = Debug;
		};
		D450951422B00CF4002CE6A2 /* Release */ = {
			isa = XCBuildConfiguration;
			buildSettings = {
				ASSETCATALOG_COMPILER_APPICON_NAME = AppIcon;
				CODE_SIGN_STYLE = Automatic;
				DEVELOPMENT_TEAM = 9W3QGD4RMG;
				INFOPLIST_FILE = "fido-eurosmart/Info.plist";
				IPHONEOS_DEPLOYMENT_TARGET = 10.0;
				LD_RUNPATH_SEARCH_PATHS = (
					"$(inherited)",
					"@executable_path/Frameworks",
				);
				PRODUCT_BUNDLE_IDENTIFIER = "eu.eurosmart.fido-eurosmart";
				PRODUCT_NAME = "$(TARGET_NAME)";
				SWIFT_VERSION = 5.0;
				TARGETED_DEVICE_FAMILY = "1,2";
			};
			name = Release;
		};
/* End XCBuildConfiguration section */

/* Begin XCConfigurationList section */
		D45094FB22B00CF2002CE6A2 /* Build configuration list for PBXProject "fido-eurosmart" */ = {
			isa = XCConfigurationList;
			buildConfigurations = (
				D450951022B00CF4002CE6A2 /* Debug */,
				D450951122B00CF4002CE6A2 /* Release */,
			);
			defaultConfigurationIsVisible = 0;
			defaultConfigurationName = Release;
		};
		D450951222B00CF4002CE6A2 /* Build configuration list for PBXNativeTarget "fido-eurosmart" */ = {
			isa = XCConfigurationList;
			buildConfigurations = (
				D450951322B00CF4002CE6A2 /* Debug */,
				D450951422B00CF4002CE6A2 /* Release */,
			);
			defaultConfigurationIsVisible = 0;
			defaultConfigurationName = Release;
		};
/* End XCConfigurationList section */

/* Begin XCVersionGroup section */
		D44591F522B0F9D500DAD5A7 /* Data.xcdatamodeld */ = {
			isa = XCVersionGroup;
			children = (
				D44591F622B0F9D500DAD5A7 /* User.xcdatamodel */,
			);
			currentVersion = D44591F622B0F9D500DAD5A7 /* User.xcdatamodel */;
			path = Data.xcdatamodeld;
			sourceTree = "<group>";
			versionGroupType = wrapper.xcdatamodel;
		};
/* End XCVersionGroup section */
	};
	rootObject = D45094F822B00CF2002CE6A2 /* Project object */;
}
